
Microsoft Visual Studio Solution File, Format Version 12.00
# Visual Studio Version 17
VisualStudioVersion = 17.0.31903.59
MinimumVisualStudioVersion = 10.0.40219.1
Project("{FAE04EC0-301F-11D3-BF4B-00C04F79EFBC}") = "test", "test\test.csproj", "{792780BE-28CD-4A9D-B4C9-2A3B3EF810E7}"
EndProject
Project("{FAE04EC0-301F-11D3-BF4B-00C04F79EFBC}") = "src", "src\src.csproj", "{05171A5E-24B8-40BC-B0FD-D965E59A7D75}"
EndProject
Global
	GlobalSection(SolutionConfigurationPlatforms) = preSolution
		Debug|Any CPU = Debug|Any CPU
		Release|Any CPU = Release|Any CPU
	EndGlobalSection
	GlobalSection(SolutionProperties) = preSolution
		HideSolutionNode = FALSE
	EndGlobalSection
	GlobalSection(ProjectConfigurationPlatforms) = postSolution
		{792780BE-28CD-4A9D-B4C9-2A3B3EF810E7}.Debug|Any CPU.ActiveCfg = Debug|Any CPU
		{792780BE-28CD-4A9D-B4C9-2A3B3EF810E7}.Debug|Any CPU.Build.0 = Debug|Any CPU
		{792780BE-28CD-4A9D-B4C9-2A3B3EF810E7}.Release|Any CPU.ActiveCfg = Release|Any CPU
		{792780BE-28CD-4A9D-B4C9-2A3B3EF810E7}.Release|Any CPU.Build.0 = Release|Any CPU
		{05171A5E-24B8-40BC-B0FD-D965E59A7D75}.Debug|Any CPU.ActiveCfg = Debug|Any CPU
		{05171A5E-24B8-40BC-B0FD-D965E59A7D75}.Debug|Any CPU.Build.0 = Debug|Any CPU
		{05171A5E-24B8-40BC-B0FD-D965E59A7D75}.Release|Any CPU.ActiveCfg = Release|Any CPU
		{05171A5E-24B8-40BC-B0FD-D965E59A7D75}.Release|Any CPU.Build.0 = Release|Any CPU
	EndGlobalSection
EndGlobal
